
Microsoft Visual Studio Solution File, Format Version 12.00
# Visual Studio Version 16
VisualStudioVersion = 16.0.31410.357
MinimumVisualStudioVersion = 10.0.40219.1
Project("{FAE04EC0-301F-11D3-BF4B-00C04F79EFBC}") = "3rdHomework", "3rdHomework\3rdHomework.csproj", "{BB99AE8F-361E-4D82-8724-F8B2894D0C31}"
EndProject
Global
	GlobalSection(SolutionConfigurationPlatforms) = preSolution
		Debug|Any CPU = Debug|Any CPU
		Release|Any CPU = Release|Any CPU
	EndGlobalSection
	GlobalSection(ProjectConfigurationPlatforms) = postSolution
		{BB99AE8F-361E-4D82-8724-F8B2894D0C31}.Debug|Any CPU.ActiveCfg = Debug|Any CPU
		{BB99AE8F-361E-4D82-8724-F8B2894D0C31}.Debug|Any CPU.Build.0 = Debug|Any CPU
		{BB99AE8F-361E-4D82-8724-F8B2894D0C31}.Release|Any CPU.ActiveCfg = Release|Any CPU
		{BB99AE8F-361E-4D82-8724-F8B2894D0C31}.Release|Any CPU.Build.0 = Release|Any CPU
	EndGlobalSection
	GlobalSection(SolutionProperties) = preSolution
		HideSolutionNode = FALSE
	EndGlobalSection
	GlobalSection(ExtensibilityGlobals) = postSolution
		SolutionGuid = {55201F30-1544-4D4D-A291-985CFD8764DA}
	EndGlobalSection
EndGlobal
